// !$*UTF8*$!
{
	archiveVersion = 1;
	classes = {
	};
	objectVersion = 51;
	objects = {

/* Begin PBXBuildFile section */
		3876EB95E59F037FD8139D20 /* Pods_Messenger.framework in Frameworks */ = {isa = PBXBuildFile; fileRef = 18B8FAF0A0C82B92C6837925 /* Pods_Messenger.framework */; };
		D636D7F426FC72E000565A7C /* StorageManager.swift in Sources */ = {isa = PBXBuildFile; fileRef = D636D7F326FC72E000565A7C /* StorageManager.swift */; };
		D64F6C542700AF2D002AC173 /* ConversationTableViewCell.swift in Sources */ = {isa = PBXBuildFile; fileRef = D64F6C532700AF2D002AC173 /* ConversationTableViewCell.swift */; };
		D67B6AEA26FB4EED00FE6F99 /* ChatViewController.swift in Sources */ = {isa = PBXBuildFile; fileRef = D67B6AE926FB4EED00FE6F99 /* ChatViewController.swift */; };
		D6A19DF326EB2B3D003391A5 /* GoogleService-Info.plist in Resources */ = {isa = PBXBuildFile; fileRef = D6A19DF226EB2B3D003391A5 /* GoogleService-Info.plist */; };
		D6A4918626E8620900CB2761 /* Extensions.swift in Sources */ = {isa = PBXBuildFile; fileRef = D6A4918526E8620900CB2761 /* Extensions.swift */; };
		D6A4918A26E8721F00CB2761 /* Utilities.swift in Sources */ = {isa = PBXBuildFile; fileRef = D6A4918926E8721F00CB2761 /* Utilities.swift */; };
		D6A4918C26E87CD200CB2761 /* CopyViewController.swift in Sources */ = {isa = PBXBuildFile; fileRef = D6A4918B26E87CD200CB2761 /* CopyViewController.swift */; };
		D6D1338F26EB4EF600C39C82 /* DatabaseManager.swift in Sources */ = {isa = PBXBuildFile; fileRef = D6D1338E26EB4EF600C39C82 /* DatabaseManager.swift */; };
		D6D3C50B26E77B1B0053ED71 /* AppDelegate.swift in Sources */ = {isa = PBXBuildFile; fileRef = D6D3C50A26E77B1B0053ED71 /* AppDelegate.swift */; };
		D6D3C50D26E77B1B0053ED71 /* SceneDelegate.swift in Sources */ = {isa = PBXBuildFile; fileRef = D6D3C50C26E77B1B0053ED71 /* SceneDelegate.swift */; };
		D6D3C50F26E77B1B0053ED71 /* ConversationsViewController.swift in Sources */ = {isa = PBXBuildFile; fileRef = D6D3C50E26E77B1B0053ED71 /* ConversationsViewController.swift */; };
		D6D3C51226E77B1B0053ED71 /* Main.storyboard in Resources */ = {isa = PBXBuildFile; fileRef = D6D3C51026E77B1B0053ED71 /* Main.storyboard */; };
		D6D3C51426E77B1C0053ED71 /* Assets.xcassets in Resources */ = {isa = PBXBuildFile; fileRef = D6D3C51326E77B1C0053ED71 /* Assets.xcassets */; };
		D6D3C51726E77B1C0053ED71 /* LaunchScreen.storyboard in Resources */ = {isa = PBXBuildFile; fileRef = D6D3C51526E77B1C0053ED71 /* LaunchScreen.storyboard */; };
		D6D3C52526E77F5D0053ED71 /* LoginViewController.swift in Sources */ = {isa = PBXBuildFile; fileRef = D6D3C52426E77F5D0053ED71 /* LoginViewController.swift */; };
		D6D3C52726E77F760053ED71 /* RegisterViewController.swift in Sources */ = {isa = PBXBuildFile; fileRef = D6D3C52626E77F760053ED71 /* RegisterViewController.swift */; };
		D6D3C52926E77F870053ED71 /* PhotoViewerViewController.swift in Sources */ = {isa = PBXBuildFile; fileRef = D6D3C52826E77F870053ED71 /* PhotoViewerViewController.swift */; };
		D6D3C52B26E77FA90053ED71 /* VideoPlayerViewController.swift in Sources */ = {isa = PBXBuildFile; fileRef = D6D3C52A26E77FA90053ED71 /* VideoPlayerViewController.swift */; };
		D6D3C52D26E77FC30053ED71 /* NewConversationViewController.swift in Sources */ = {isa = PBXBuildFile; fileRef = D6D3C52C26E77FC30053ED71 /* NewConversationViewController.swift */; };
		D6D3C52F26E77FD60053ED71 /* ProfileViewController.swift in Sources */ = {isa = PBXBuildFile; fileRef = D6D3C52E26E77FD60053ED71 /* ProfileViewController.swift */; };
/* End PBXBuildFile section */

/* Begin PBXFileReference section */
		18B8FAF0A0C82B92C6837925 /* Pods_Messenger.framework */ = {isa = PBXFileReference; explicitFileType = wrapper.framework; includeInIndex = 0; path = Pods_Messenger.framework; sourceTree = BUILT_PRODUCTS_DIR; };
		6D370BC572DCF26C7F720D42 /* Pods-Messenger.debug.xcconfig */ = {isa = PBXFileReference; includeInIndex = 1; lastKnownFileType = text.xcconfig; name = "Pods-Messenger.debug.xcconfig"; path = "Target Support Files/Pods-Messenger/Pods-Messenger.debug.xcconfig"; sourceTree = "<group>"; };
		91FC3303D664A67506FB68BB /* Pods-Messenger.release.xcconfig */ = {isa = PBXFileReference; includeInIndex = 1; lastKnownFileType = text.xcconfig; name = "Pods-Messenger.release.xcconfig"; path = "Target Support Files/Pods-Messenger/Pods-Messenger.release.xcconfig"; sourceTree = "<group>"; };
		D636D7F326FC72E000565A7C /* StorageManager.swift */ = {isa = PBXFileReference; lastKnownFileType = sourcecode.swift; path = StorageManager.swift; sourceTree = "<group>"; };
		D64F6C532700AF2D002AC173 /* ConversationTableViewCell.swift */ = {isa = PBXFileReference; lastKnownFileType = sourcecode.swift; path = ConversationTableViewCell.swift; sourceTree = "<group>"; };
		D67B6AE926FB4EED00FE6F99 /* ChatViewController.swift */ = {isa = PBXFileReference; lastKnownFileType = sourcecode.swift; path = ChatViewController.swift; sourceTree = "<group>"; };
		D6A19DF226EB2B3D003391A5 /* GoogleService-Info.plist */ = {isa = PBXFileReference; fileEncoding = 4; lastKnownFileType = text.plist.xml; path = "GoogleService-Info.plist"; sourceTree = "<group>"; };
		D6A4918526E8620900CB2761 /* Extensions.swift */ = {isa = PBXFileReference; lastKnownFileType = sourcecode.swift; path = Extensions.swift; sourceTree = "<group>"; };
		D6A4918926E8721F00CB2761 /* Utilities.swift */ = {isa = PBXFileReference; lastKnownFileType = sourcecode.swift; path = Utilities.swift; sourceTree = "<group>"; };
		D6A4918B26E87CD200CB2761 /* CopyViewController.swift */ = {isa = PBXFileReference; lastKnownFileType = sourcecode.swift; path = CopyViewController.swift; sourceTree = "<group>"; };
		D6D1338E26EB4EF600C39C82 /* DatabaseManager.swift */ = {isa = PBXFileReference; lastKnownFileType = sourcecode.swift; path = DatabaseManager.swift; sourceTree = "<group>"; };
		D6D3C50726E77B1B0053ED71 /* Messenger.app */ = {isa = PBXFileReference; explicitFileType = wrapper.application; includeInIndex = 0; path = Messenger.app; sourceTree = BUILT_PRODUCTS_DIR; };
		D6D3C50A26E77B1B0053ED71 /* AppDelegate.swift */ = {isa = PBXFileReference; lastKnownFileType = sourcecode.swift; path = AppDelegate.swift; sourceTree = "<group>"; };
		D6D3C50C26E77B1B0053ED71 /* SceneDelegate.swift */ = {isa = PBXFileReference; lastKnownFileType = sourcecode.swift; path = SceneDelegate.swift; sourceTree = "<group>"; };
		D6D3C50E26E77B1B0053ED71 /* ConversationsViewController.swift */ = {isa = PBXFileReference; lastKnownFileType = sourcecode.swift; path = ConversationsViewController.swift; sourceTree = "<group>"; };
		D6D3C51126E77B1B0053ED71 /* Base */ = {isa = PBXFileReference; lastKnownFileType = file.storyboard; name = Base; path = Base.lproj/Main.storyboard; sourceTree = "<group>"; };
		D6D3C51326E77B1C0053ED71 /* Assets.xcassets */ = {isa = PBXFileReference; lastKnownFileType = folder.assetcatalog; path = Assets.xcassets; sourceTree = "<group>"; };
		D6D3C51626E77B1C0053ED71 /* Base */ = {isa = PBXFileReference; lastKnownFileType = file.storyboard; name = Base; path = Base.lproj/LaunchScreen.storyboard; sourceTree = "<group>"; };
		D6D3C51826E77B1C0053ED71 /* Info.plist */ = {isa = PBXFileReference; lastKnownFileType = text.plist.xml; path = Info.plist; sourceTree = "<group>"; };
		D6D3C52426E77F5D0053ED71 /* LoginViewController.swift */ = {isa = PBXFileReference; lastKnownFileType = sourcecode.swift; path = LoginViewController.swift; sourceTree = "<group>"; };
		D6D3C52626E77F760053ED71 /* RegisterViewController.swift */ = {isa = PBXFileReference; lastKnownFileType = sourcecode.swift; path = RegisterViewController.swift; sourceTree = "<group>"; };
		D6D3C52826E77F870053ED71 /* PhotoViewerViewController.swift */ = {isa = PBXFileReference; lastKnownFileType = sourcecode.swift; path = PhotoViewerViewController.swift; sourceTree = "<group>"; };
		D6D3C52A26E77FA90053ED71 /* VideoPlayerViewController.swift */ = {isa = PBXFileReference; lastKnownFileType = sourcecode.swift; path = VideoPlayerViewController.swift; sourceTree = "<group>"; };
		D6D3C52C26E77FC30053ED71 /* NewConversationViewController.swift */ = {isa = PBXFileReference; lastKnownFileType = sourcecode.swift; path = NewConversationViewController.swift; sourceTree = "<group>"; };
		D6D3C52E26E77FD60053ED71 /* ProfileViewController.swift */ = {isa = PBXFileReference; lastKnownFileType = sourcecode.swift; path = ProfileViewController.swift; sourceTree = "<group>"; };
/* End PBXFileReference section */

/* Begin PBXFrameworksBuildPhase section */
		D6D3C50426E77B1B0053ED71 /* Frameworks */ = {
			isa = PBXFrameworksBuildPhase;
			buildActionMask = 2147483647;
			files = (
				3876EB95E59F037FD8139D20 /* Pods_Messenger.framework in Frameworks */,
			);
			runOnlyForDeploymentPostprocessing = 0;
		};
/* End PBXFrameworksBuildPhase section */

/* Begin PBXGroup section */
		1AC95656AC186F0B3072361C /* Frameworks */ = {
			isa = PBXGroup;
			children = (
				18B8FAF0A0C82B92C6837925 /* Pods_Messenger.framework */,
			);
			name = Frameworks;
			sourceTree = "<group>";
		};
		D4F0FFF372528A2711F06E98 /* Pods */ = {
			isa = PBXGroup;
			children = (
				6D370BC572DCF26C7F720D42 /* Pods-Messenger.debug.xcconfig */,
				91FC3303D664A67506FB68BB /* Pods-Messenger.release.xcconfig */,
			);
			path = Pods;
			sourceTree = "<group>";
		};
		D6D3C4FE26E77B1B0053ED71 = {
			isa = PBXGroup;
			children = (
				D6D3C50926E77B1B0053ED71 /* Messenger */,
				D6D3C50826E77B1B0053ED71 /* Products */,
				D4F0FFF372528A2711F06E98 /* Pods */,
				1AC95656AC186F0B3072361C /* Frameworks */,
			);
			sourceTree = "<group>";
		};
		D6D3C50826E77B1B0053ED71 /* Products */ = {
			isa = PBXGroup;
			children = (
				D6D3C50726E77B1B0053ED71 /* Messenger.app */,
			);
			name = Products;
			sourceTree = "<group>";
		};
		D6D3C50926E77B1B0053ED71 /* Messenger */ = {
			isa = PBXGroup;
			children = (
				D6D3C52226E77CDC0053ED71 /* Resourses */,
				D6D3C52126E77CD00053ED71 /* ViewModels */,
				D6D3C52026E77CC90053ED71 /* Models */,
				D6D3C51F26E77CBF0053ED71 /* Views */,
				D6D3C51E26E77CB00053ED71 /* Controllers */,
				D6D3C51826E77B1C0053ED71 /* Info.plist */,
				D6A19DF226EB2B3D003391A5 /* GoogleService-Info.plist */,
			);
			path = Messenger;
			sourceTree = "<group>";
		};
		D6D3C51E26E77CB00053ED71 /* Controllers */ = {
			isa = PBXGroup;
			children = (
				D6EE727B26E7C155008AEDFB /* Login */,
				D6D3C50E26E77B1B0053ED71 /* ConversationsViewController.swift */,
				D6D3C52826E77F870053ED71 /* PhotoViewerViewController.swift */,
				D6D3C52A26E77FA90053ED71 /* VideoPlayerViewController.swift */,
				D6D3C52C26E77FC30053ED71 /* NewConversationViewController.swift */,
				D6D3C52E26E77FD60053ED71 /* ProfileViewController.swift */,
				D67B6AE926FB4EED00FE6F99 /* ChatViewController.swift */,
			);
			path = Controllers;
			sourceTree = "<group>";
		};
		D6D3C51F26E77CBF0053ED71 /* Views */ = {
			isa = PBXGroup;
			children = (
				D6D3C52326E77D270053ED71 /* Storyboards */,
				D6D3C51326E77B1C0053ED71 /* Assets.xcassets */,
				D64F6C532700AF2D002AC173 /* ConversationTableViewCell.swift */,
			);
			path = Views;
			sourceTree = "<group>";
		};
		D6D3C52026E77CC90053ED71 /* Models */ = {
			isa = PBXGroup;
			children = (
			);
			path = Models;
			sourceTree = "<group>";
		};
		D6D3C52126E77CD00053ED71 /* ViewModels */ = {
			isa = PBXGroup;
			children = (
			);
			path = ViewModels;
			sourceTree = "<group>";
		};
		D6D3C52226E77CDC0053ED71 /* Resourses */ = {
			isa = PBXGroup;
			children = (
				D6D3C50A26E77B1B0053ED71 /* AppDelegate.swift */,
				D6D3C50C26E77B1B0053ED71 /* SceneDelegate.swift */,
				D6A4918526E8620900CB2761 /* Extensions.swift */,
				D6A4918926E8721F00CB2761 /* Utilities.swift */,
				D6D1338E26EB4EF600C39C82 /* DatabaseManager.swift */,
				D636D7F326FC72E000565A7C /* StorageManager.swift */,
			);
			path = Resourses;
			sourceTree = "<group>";
		};
		D6D3C52326E77D270053ED71 /* Storyboards */ = {
			isa = PBXGroup;
			children = (
				D6D3C51026E77B1B0053ED71 /* Main.storyboard */,
				D6D3C51526E77B1C0053ED71 /* LaunchScreen.storyboard */,
			);
			path = Storyboards;
			sourceTree = "<group>";
		};
		D6EE727B26E7C155008AEDFB /* Login */ = {
			isa = PBXGroup;
			children = (
				D6D3C52426E77F5D0053ED71 /* LoginViewController.swift */,
				D6D3C52626E77F760053ED71 /* RegisterViewController.swift */,
				D6A4918B26E87CD200CB2761 /* CopyViewController.swift */,
			);
			path = Login;
			sourceTree = "<group>";
		};
/* End PBXGroup section */

/* Begin PBXNativeTarget section */
		D6D3C50626E77B1B0053ED71 /* Messenger */ = {
			isa = PBXNativeTarget;
			buildConfigurationList = D6D3C51B26E77B1C0053ED71 /* Build configuration list for PBXNativeTarget "Messenger" */;
			buildPhases = (
				22B2D01248B11732DFFB5297 /* [CP] Check Pods Manifest.lock */,
				D6D3C50326E77B1B0053ED71 /* Sources */,
				D6D3C50426E77B1B0053ED71 /* Frameworks */,
				D6D3C50526E77B1B0053ED71 /* Resources */,
				69A7AD8ED34051ADE05285B3 /* [CP] Embed Pods Frameworks */,
			);
			buildRules = (
			);
			dependencies = (
			);
			name = Messenger;
			productName = Messenger;
			productReference = D6D3C50726E77B1B0053ED71 /* Messenger.app */;
			productType = "com.apple.product-type.application";
		};
/* End PBXNativeTarget section */

/* Begin PBXProject section */
		D6D3C4FF26E77B1B0053ED71 /* Project object */ = {
			isa = PBXProject;
			attributes = {
				LastSwiftUpdateCheck = 1250;
				LastUpgradeCheck = 1250;
				TargetAttributes = {
					D6D3C50626E77B1B0053ED71 = {
						CreatedOnToolsVersion = 12.5.1;
					};
				};
			};
			buildConfigurationList = D6D3C50226E77B1B0053ED71 /* Build configuration list for PBXProject "Messenger" */;
			compatibilityVersion = "Xcode 9.3";
			developmentRegion = en;
			hasScannedForEncodings = 0;
			knownRegions = (
				en,
				Base,
			);
			mainGroup = D6D3C4FE26E77B1B0053ED71;
			productRefGroup = D6D3C50826E77B1B0053ED71 /* Products */;
			projectDirPath = "";
			projectRoot = "";
			targets = (
				D6D3C50626E77B1B0053ED71 /* Messenger */,
			);
		};
/* End PBXProject section */

/* Begin PBXResourcesBuildPhase section */
		D6D3C50526E77B1B0053ED71 /* Resources */ = {
			isa = PBXResourcesBuildPhase;
			buildActionMask = 2147483647;
			files = (
				D6D3C51726E77B1C0053ED71 /* LaunchScreen.storyboard in Resources */,
				D6A19DF326EB2B3D003391A5 /* GoogleService-Info.plist in Resources */,
				D6D3C51426E77B1C0053ED71 /* Assets.xcassets in Resources */,
				D6D3C51226E77B1B0053ED71 /* Main.storyboard in Resources */,
			);
			runOnlyForDeploymentPostprocessing = 0;
		};
/* End PBXResourcesBuildPhase section */

/* Begin PBXShellScriptBuildPhase section */
		22B2D01248B11732DFFB5297 /* [CP] Check Pods Manifest.lock */ = {
			isa = PBXShellScriptBuildPhase;
			buildActionMask = 2147483647;
			files = (
			);
			inputFileListPaths = (
			);
			inputPaths = (
				"${PODS_PODFILE_DIR_PATH}/Podfile.lock",
				"${PODS_ROOT}/Manifest.lock",
			);
			name = "[CP] Check Pods Manifest.lock";
			outputFileListPaths = (
			);
			outputPaths = (
				"$(DERIVED_FILE_DIR)/Pods-Messenger-checkManifestLockResult.txt",
			);
			runOnlyForDeploymentPostprocessing = 0;
			shellPath = /bin/sh;
			shellScript = "diff \"${PODS_PODFILE_DIR_PATH}/Podfile.lock\" \"${PODS_ROOT}/Manifest.lock\" > /dev/null\nif [ $? != 0 ] ; then\n    # print error to STDERR\n    echo \"error: The sandbox is not in sync with the Podfile.lock. Run 'pod install' or update your CocoaPods installation.\" >&2\n    exit 1\nfi\n# This output is used by Xcode 'outputs' to avoid re-running this script phase.\necho \"SUCCESS\" > \"${SCRIPT_OUTPUT_FILE_0}\"\n";
			showEnvVarsInLog = 0;
		};
		69A7AD8ED34051ADE05285B3 /* [CP] Embed Pods Frameworks */ = {
			isa = PBXShellScriptBuildPhase;
			buildActionMask = 2147483647;
			files = (
			);
			inputFileListPaths = (
				"${PODS_ROOT}/Target Support Files/Pods-Messenger/Pods-Messenger-frameworks-${CONFIGURATION}-input-files.xcfilelist",
			);
			name = "[CP] Embed Pods Frameworks";
			outputFileListPaths = (
				"${PODS_ROOT}/Target Support Files/Pods-Messenger/Pods-Messenger-frameworks-${CONFIGURATION}-output-files.xcfilelist",
			);
			runOnlyForDeploymentPostprocessing = 0;
			shellPath = /bin/sh;
			shellScript = "\"${PODS_ROOT}/Target Support Files/Pods-Messenger/Pods-Messenger-frameworks.sh\"\n";
			showEnvVarsInLog = 0;
		};
/* End PBXShellScriptBuildPhase section */

/* Begin PBXSourcesBuildPhase section */
		D6D3C50326E77B1B0053ED71 /* Sources */ = {
			isa = PBXSourcesBuildPhase;
			buildActionMask = 2147483647;
			files = (
				D6D3C52526E77F5D0053ED71 /* LoginViewController.swift in Sources */,
				D6D3C52726E77F760053ED71 /* RegisterViewController.swift in Sources */,
				D6D3C52D26E77FC30053ED71 /* NewConversationViewController.swift in Sources */,
				D6D3C50F26E77B1B0053ED71 /* ConversationsViewController.swift in Sources */,
				D6D3C52B26E77FA90053ED71 /* VideoPlayerViewController.swift in Sources */,
				D6A4918626E8620900CB2761 /* Extensions.swift in Sources */,
				D6D1338F26EB4EF600C39C82 /* DatabaseManager.swift in Sources */,
				D6A4918A26E8721F00CB2761 /* Utilities.swift in Sources */,
				D64F6C542700AF2D002AC173 /* ConversationTableViewCell.swift in Sources */,
				D6D3C50B26E77B1B0053ED71 /* AppDelegate.swift in Sources */,
				D6D3C52F26E77FD60053ED71 /* ProfileViewController.swift in Sources */,
				D67B6AEA26FB4EED00FE6F99 /* ChatViewController.swift in Sources */,
				D6D3C50D26E77B1B0053ED71 /* SceneDelegate.swift in Sources */,
				D636D7F426FC72E000565A7C /* StorageManager.swift in Sources */,
				D6A4918C26E87CD200CB2761 /* CopyViewController.swift in Sources */,
				D6D3C52926E77F870053ED71 /* PhotoViewerViewController.swift in Sources */,
			);
			runOnlyForDeploymentPostprocessing = 0;
		};
/* End PBXSourcesBuildPhase section */

/* Begin PBXVariantGroup section */
		D6D3C51026E77B1B0053ED71 /* Main.storyboard */ = {
			isa = PBXVariantGroup;
			children = (
				D6D3C51126E77B1B0053ED71 /* Base */,
			);
			name = Main.storyboard;
			sourceTree = "<group>";
		};
		D6D3C51526E77B1C0053ED71 /* LaunchScreen.storyboard */ = {
			isa = PBXVariantGroup;
			children = (
				D6D3C51626E77B1C0053ED71 /* Base */,
			);
			name = LaunchScreen.storyboard;
			sourceTree = "<group>";
		};
/* End PBXVariantGroup section */

/* Begin XCBuildConfiguration section */
		D6D3C51926E77B1C0053ED71 /* Debug */ = {
			isa = XCBuildConfiguration;
			buildSettings = {
				ALWAYS_SEARCH_USER_PATHS = NO;
				CLANG_ANALYZER_NONNULL = YES;
				CLANG_ANALYZER_NUMBER_OBJECT_CONVERSION = YES_AGGRESSIVE;
				CLANG_CXX_LANGUAGE_STANDARD = "gnu++14";
				CLANG_CXX_LIBRARY = "libc++";
				CLANG_ENABLE_MODULES = YES;
				CLANG_ENABLE_OBJC_ARC = YES;
				CLANG_ENABLE_OBJC_WEAK = YES;
				CLANG_WARN_BLOCK_CAPTURE_AUTORELEASING = YES;
				CLANG_WARN_BOOL_CONVERSION = YES;
				CLANG_WARN_COMMA = YES;
				CLANG_WARN_CONSTANT_CONVERSION = YES;
				CLANG_WARN_DEPRECATED_OBJC_IMPLEMENTATIONS = YES;
				CLANG_WARN_DIRECT_OBJC_ISA_USAGE = YES_ERROR;
				CLANG_WARN_DOCUMENTATION_COMMENTS = YES;
				CLANG_WARN_EMPTY_BODY = YES;
				CLANG_WARN_ENUM_CONVERSION = YES;
				CLANG_WARN_INFINITE_RECURSION = YES;
				CLANG_WARN_INT_CONVERSION = YES;
				CLANG_WARN_NON_LITERAL_NULL_CONVERSION = YES;
				CLANG_WARN_OBJC_IMPLICIT_RETAIN_SELF = YES;
				CLANG_WARN_OBJC_LITERAL_CONVERSION = YES;
				CLANG_WARN_OBJC_ROOT_CLASS = YES_ERROR;
				CLANG_WARN_QUOTED_INCLUDE_IN_FRAMEWORK_HEADER = YES;
				CLANG_WARN_RANGE_LOOP_ANALYSIS = YES;
				CLANG_WARN_STRICT_PROTOTYPES = YES;
				CLANG_WARN_SUSPICIOUS_MOVE = YES;
				CLANG_WARN_UNGUARDED_AVAILABILITY = YES_AGGRESSIVE;
				CLANG_WARN_UNREACHABLE_CODE = YES;
				CLANG_WARN__DUPLICATE_METHOD_MATCH = YES;
				COPY_PHASE_STRIP = NO;
				DEBUG_INFORMATION_FORMAT = dwarf;
				ENABLE_STRICT_OBJC_MSGSEND = YES;
				ENABLE_TESTABILITY = YES;
				GCC_C_LANGUAGE_STANDARD = gnu11;
				GCC_DYNAMIC_NO_PIC = NO;
				GCC_NO_COMMON_BLOCKS = YES;
				GCC_OPTIMIZATION_LEVEL = 0;
				GCC_PREPROCESSOR_DEFINITIONS = (
					"DEBUG=1",
					"$(inherited)",
				);
				GCC_WARN_64_TO_32_BIT_CONVERSION = YES;
				GCC_WARN_ABOUT_RETURN_TYPE = YES_ERROR;
				GCC_WARN_UNDECLARED_SELECTOR = YES;
				GCC_WARN_UNINITIALIZED_AUTOS = YES_AGGRESSIVE;
				GCC_WARN_UNUSED_FUNCTION = YES;
				GCC_WARN_UNUSED_VARIABLE = YES;
				IPHONEOS_DEPLOYMENT_TARGET = 14.5;
				MTL_ENABLE_DEBUG_INFO = INCLUDE_SOURCE;
				MTL_FAST_MATH = YES;
				ONLY_ACTIVE_ARCH = YES;
				SDKROOT = iphoneos;
				SWIFT_ACTIVE_COMPILATION_CONDITIONS = DEBUG;
				SWIFT_OPTIMIZATION_LEVEL = "-Onone";
			};
			name = Debug;
		};
		D6D3C51A26E77B1C0053ED71 /* Release */ = {
			isa = XCBuildConfiguration;
			buildSettings = {
				ALWAYS_SEARCH_USER_PATHS = NO;
				CLANG_ANALYZER_NONNULL = YES;
				CLANG_ANALYZER_NUMBER_OBJECT_CONVERSION = YES_AGGRESSIVE;
				CLANG_CXX_LANGUAGE_STANDARD = "gnu++14";
				CLANG_CXX_LIBRARY = "libc++";
				CLANG_ENABLE_MODULES = YES;
				CLANG_ENABLE_OBJC_ARC = YES;
				CLANG_ENABLE_OBJC_WEAK = YES;
				CLANG_WARN_BLOCK_CAPTURE_AUTORELEASING = YES;
				CLANG_WARN_BOOL_CONVERSION = YES;
				CLANG_WARN_COMMA = YES;
				CLANG_WARN_CONSTANT_CONVERSION = YES;
				CLANG_WARN_DEPRECATED_OBJC_IMPLEMENTATIONS = YES;
				CLANG_WARN_DIRECT_OBJC_ISA_USAGE = YES_ERROR;
				CLANG_WARN_DOCUMENTATION_COMMENTS = YES;
				CLANG_WARN_EMPTY_BODY = YES;
				CLANG_WARN_ENUM_CONVERSION = YES;
				CLANG_WARN_INFINITE_RECURSION = YES;
				CLANG_WARN_INT_CONVERSION = YES;
				CLANG_WARN_NON_LITERAL_NULL_CONVERSION = YES;
				CLANG_WARN_OBJC_IMPLICIT_RETAIN_SELF = YES;
				CLANG_WARN_OBJC_LITERAL_CONVERSION = YES;
				CLANG_WARN_OBJC_ROOT_CLASS = YES_ERROR;
				CLANG_WARN_QUOTED_INCLUDE_IN_FRAMEWORK_HEADER = YES;
				CLANG_WARN_RANGE_LOOP_ANALYSIS = YES;
				CLANG_WARN_STRICT_PROTOTYPES = YES;
				CLANG_WARN_SUSPICIOUS_MOVE = YES;
				CLANG_WARN_UNGUARDED_AVAILABILITY = YES_AGGRESSIVE;
				CLANG_WARN_UNREACHABLE_CODE = YES;
				CLANG_WARN__DUPLICATE_METHOD_MATCH = YES;
				COPY_PHASE_STRIP = NO;
				DEBUG_INFORMATION_FORMAT = "dwarf-with-dsym";
				ENABLE_NS_ASSERTIONS = NO;
				ENABLE_STRICT_OBJC_MSGSEND = YES;
				GCC_C_LANGUAGE_STANDARD = gnu11;
				GCC_NO_COMMON_BLOCKS = YES;
				GCC_WARN_64_TO_32_BIT_CONVERSION = YES;
				GCC_WARN_ABOUT_RETURN_TYPE = YES_ERROR;
				GCC_WARN_UNDECLARED_SELECTOR = YES;
				GCC_WARN_UNINITIALIZED_AUTOS = YES_AGGRESSIVE;
				GCC_WARN_UNUSED_FUNCTION = YES;
				GCC_WARN_UNUSED_VARIABLE = YES;
				IPHONEOS_DEPLOYMENT_TARGET = 14.5;
				MTL_ENABLE_DEBUG_INFO = NO;
				MTL_FAST_MATH = YES;
				SDKROOT = iphoneos;
				SWIFT_COMPILATION_MODE = wholemodule;
				SWIFT_OPTIMIZATION_LEVEL = "-O";
				VALIDATE_PRODUCT = YES;
			};
			name = Release;
		};
		D6D3C51C26E77B1C0053ED71 /* Debug */ = {
			isa = XCBuildConfiguration;
			baseConfigurationReference = 6D370BC572DCF26C7F720D42 /* Pods-Messenger.debug.xcconfig */;
			buildSettings = {
				ASSETCATALOG_COMPILER_APPICON_NAME = AppIcon;
				ASSETCATALOG_COMPILER_GLOBAL_ACCENT_COLOR_NAME = AccentColor;
				CODE_SIGN_STYLE = Automatic;
				INFOPLIST_FILE = Messenger/Info.plist;
				LD_RUNPATH_SEARCH_PATHS = (
					"$(inherited)",
					"@executable_path/Frameworks",
				);
				PRODUCT_BUNDLE_IDENTIFIER = AbdullahSoft.Messenger;
				PRODUCT_NAME = "$(TARGET_NAME)";
				SWIFT_VERSION = 5.0;
				TARGETED_DEVICE_FAMILY = "1,2";
			};
			name = Debug;
		};
		D6D3C51D26E77B1C0053ED71 /* Release */ = {
			isa = XCBuildConfiguration;
			baseConfigurationReference = 91FC3303D664A67506FB68BB /* Pods-Messenger.release.xcconfig */;
			buildSettings = {
				ASSETCATALOG_COMPILER_APPICON_NAME = AppIcon;
				ASSETCATALOG_COMPILER_GLOBAL_ACCENT_COLOR_NAME = AccentColor;
				CODE_SIGN_STYLE = Automatic;
				INFOPLIST_FILE = Messenger/Info.plist;
				LD_RUNPATH_SEARCH_PATHS = (
					"$(inherited)",
					"@executable_path/Frameworks",
				);
				PRODUCT_BUNDLE_IDENTIFIER = AbdullahSoft.Messenger;
				PRODUCT_NAME = "$(TARGET_NAME)";
				SWIFT_VERSION = 5.0;
				TARGETED_DEVICE_FAMILY = "1,2";
			};
			name = Release;
		};
/* End XCBuildConfiguration section */

/* Begin XCConfigurationList section */
		D6D3C50226E77B1B0053ED71 /* Build configuration list for PBXProject "Messenger" */ = {
			isa = XCConfigurationList;
			buildConfigurations = (
				D6D3C51926E77B1C0053ED71 /* Debug */,
				D6D3C51A26E77B1C0053ED71 /* Release */,
			);
			defaultConfigurationIsVisible = 0;
			defaultConfigurationName = Release;
		};
		D6D3C51B26E77B1C0053ED71 /* Build configuration list for PBXNativeTarget "Messenger" */ = {
			isa = XCConfigurationList;
			buildConfigurations = (
				D6D3C51C26E77B1C0053ED71 /* Debug */,
				D6D3C51D26E77B1C0053ED71 /* Release */,
			);
			defaultConfigurationIsVisible = 0;
			defaultConfigurationName = Release;
		};
/* End XCConfigurationList section */
	};
	rootObject = D6D3C4FF26E77B1B0053ED71 /* Project object */;
}
